
Microsoft Visual Studio Solution File, Format Version 12.00
Project("{FAE04EC0-301F-11D3-BF4B-00C04F79EFBC}") = "Notification.Api", "Notification.Api\Notification.Api.csproj", "{77DC6F82-CF7A-43AF-AFCC-4D69E068FC83}"
EndProject
Project("{FAE04EC0-301F-11D3-BF4B-00C04F79EFBC}") = "Notification.Infrastructure", "Notification.Infrastructure\Notification.Infrastructure.csproj", "{D4B043B4-0159-4E87-999E-0596E977B85E}"
EndProject
Project("{FAE04EC0-301F-11D3-BF4B-00C04F79EFBC}") = "Notification.Application", "Notification.Application\Notification.Application.csproj", "{2E65A3DD-5B88-4134-B57C-10E7F2CF3D10}"
EndProject
Project("{FAE04EC0-301F-11D3-BF4B-00C04F79EFBC}") = "Notification.Domain", "Notification.Domain\Notification.Domain.csproj", "{064C688E-B153-41FB-B6BB-EFD9CF39A3B9}"
EndProject
Project("{FAE04EC0-301F-11D3-BF4B-00C04F79EFBC}") = "Core.Domain", "Core.Domain\Core.Domain.csproj", "{9CDA7E91-4BBF-4D00-9EE7-8FBA967E8707}"
EndProject
Project("{FAE04EC0-301F-11D3-BF4B-00C04F79EFBC}") = "Core.Connections", "Core.Connections\Core.Connections.csproj", "{B88C6927-B294-426C-A160-CB018840F16A}"
EndProject
Project("{2150E333-8FDC-42A3-9474-1A3956D46DE8}") = "Core", "Core", "{E438A6E1-7B94-4409-8C00-9F9F50C0D25F}"
EndProject
Project("{2150E333-8FDC-42A3-9474-1A3956D46DE8}") = "Gateway", "Gateway", "{F40D5CEB-1BA4-4AE7-8FF1-DD50F4F4A57D}"
EndProject
Project("{2150E333-8FDC-42A3-9474-1A3956D46DE8}") = "Mail", "Mail", "{AF00F5D6-A989-4B0C-9980-B7EFEF7D7318}"
EndProject
Project("{FAE04EC0-301F-11D3-BF4B-00C04F79EFBC}") = "Mail.Application", "Mail.Application\Mail.Application.csproj", "{E2920FA0-C004-4D40-A013-9FABF1FFDDF3}"
EndProject
Project("{2150E333-8FDC-42A3-9474-1A3956D46DE8}") = "Libs", "Libs", "{084E80AC-C0C6-40B8-919C-1683B32AF051}"
EndProject
Project("{FAE04EC0-301F-11D3-BF4B-00C04F79EFBC}") = "RabbitMqContracts", "RabbitMqContracts\RabbitMqContracts.csproj", "{557053CB-7810-4A73-9F18-1F537839E810}"
EndProject
Project("{FAE04EC0-301F-11D3-BF4B-00C04F79EFBC}") = "MailConnectionLib", "MailConnectionLib\MailConnectionLib.csproj", "{871BE191-A880-4D9C-B2F4-C55D35F481DE}"
EndProject
Project("{FAE04EC0-301F-11D3-BF4B-00C04F79EFBC}") = "Mail.Domain", "Mail.Domain\Mail.Domain.csproj", "{3D83A05D-DFBF-4073-82CD-4AA6A83AB0FA}"
EndProject
Project("{FAE04EC0-301F-11D3-BF4B-00C04F79EFBC}") = "Mail.Infrastructure", "Mail.Infrastructure\Mail.Infrastructure.csproj", "{AA68E225-C410-4A62-9CF5-27607620C4FB}"
EndProject
Project("{FAE04EC0-301F-11D3-BF4B-00C04F79EFBC}") = "Mail.Api", "Mail.Api\Mail.Api.csproj", "{D9C397AE-99FB-405C-BEC7-14E0585A84F3}"
EndProject
Project("{2150E333-8FDC-42A3-9474-1A3956D46DE8}") = "Hosting", "Hosting", "{B5F50C21-F443-4853-837C-6EDAE4810243}"
EndProject
Project("{FAE04EC0-301F-11D3-BF4B-00C04F79EFBC}") = "NotificationAppHost", "NotificationAppHost\NotificationAppHost.csproj", "{C9503430-000C-4DB2-BC6C-89ABDD26BD40}"
EndProject
Project("{FAE04EC0-301F-11D3-BF4B-00C04F79EFBC}") = "NotificationServiceDefaults", "NotificationServiceDefaults\NotificationServiceDefaults.csproj", "{59234776-267F-41E7-A91F-6DE289DFC850}"
EndProject
Project("{2150E333-8FDC-42A3-9474-1A3956D46DE8}") = "Sms", "Sms", "{B99C39C4-DB82-4F11-95AA-94737D4DF4A3}"
EndProject
Project("{FAE04EC0-301F-11D3-BF4B-00C04F79EFBC}") = "Sms.Api", "Sms.Api\Sms.Api.csproj", "{EC14A7AC-4615-4740-8064-8A375CBCA62E}"
EndProject
Project("{FAE04EC0-301F-11D3-BF4B-00C04F79EFBC}") = "Sms.Application", "Sms.Application\Sms.Application.csproj", "{F697FEF9-FF08-4F8F-A08B-6FC1754DFBCC}"
EndProject
Project("{FAE04EC0-301F-11D3-BF4B-00C04F79EFBC}") = "Sms.Domain", "Sms.Domain\Sms.Domain.csproj", "{C054A58B-9FDB-4743-82E3-1215DC62457D}"
EndProject
Project("{FAE04EC0-301F-11D3-BF4B-00C04F79EFBC}") = "Sms.Infrastructure", "Sms.Infrastructure\Sms.Infrastructure.csproj", "{CDB48266-6207-435D-A2CB-F63A8196D9BB}"
EndProject
Project("{2150E333-8FDC-42A3-9474-1A3956D46DE8}") = "Push", "Push", "{2A4E332C-1AF0-4A9F-A7B3-20A33C23D446}"
	ProjectSection(SolutionItems) = preProject
		Metrics\MailMetrics.cs = Metrics\MailMetrics.cs
	EndProjectSection
EndProject
Project("{FAE04EC0-301F-11D3-BF4B-00C04F79EFBC}") = "Push.Api", "Push.Api\Push.Api.csproj", "{D20DDB1D-2ACE-442B-A310-B9272BE96424}"
EndProject
Project("{FAE04EC0-301F-11D3-BF4B-00C04F79EFBC}") = "Push.Application", "Push.Application\Push.Application.csproj", "{FBCC6335-8AD4-4C97-8917-8CE9CE94023D}"
EndProject
Project("{FAE04EC0-301F-11D3-BF4B-00C04F79EFBC}") = "Push.Infrastructure", "Push.Infrastructure\Push.Infrastructure.csproj", "{A479C03A-A98F-4619-B753-C3C5DD314886}"
EndProject
Project("{FAE04EC0-301F-11D3-BF4B-00C04F79EFBC}") = "Push.Domain", "Push.Domain\Push.Domain.csproj", "{543BFC4F-572F-4D5C-9695-972CFE7210C0}"
EndProject
Project("{FAE04EC0-301F-11D3-BF4B-00C04F79EFBC}") = "PushConnectionLib", "PushConnectionLib\PushConnectionLib.csproj", "{1B994C17-37A6-4630-A7D4-D7C0371E544F}"
EndProject
Project("{FAE04EC0-301F-11D3-BF4B-00C04F79EFBC}") = "SmsConnectionLib", "SmsConnectionLib\SmsConnectionLib.csproj", "{84F7A410-BB7B-4F81-8259-2C10F0FBDD12}"
EndProject
Project("{FAE04EC0-301F-11D3-BF4B-00C04F79EFBC}") = "Push.Test", "Push.Test\Push.Test.csproj", "{7CCC43B9-1080-402B-9B6C-2A5D6F690666}"
EndProject
Project("{FAE04EC0-301F-11D3-BF4B-00C04F79EFBC}") = "Mail.Test", "Mail.Test\Mail.Test.csproj", "{6A69F54A-687C-4FEE-B96E-0356CFF75B58}"
EndProject
Project("{FAE04EC0-301F-11D3-BF4B-00C04F79EFBC}") = "Sms.Test", "Sms.Test\Sms.Test.csproj", "{971DC51D-DE5D-4114-AF25-69AB19F1B17A}"
EndProject
Project("{FAE04EC0-301F-11D3-BF4B-00C04F79EFBC}") = "Notification.Test", "Notification.Test\Notification.Test.csproj", "{DA9067D5-B149-4A87-95B1-116A24F72527}"
EndProject
Global
	GlobalSection(SolutionConfigurationPlatforms) = preSolution
		Debug|Any CPU = Debug|Any CPU
		Release|Any CPU = Release|Any CPU
	EndGlobalSection
	GlobalSection(ProjectConfigurationPlatforms) = postSolution
		{77DC6F82-CF7A-43AF-AFCC-4D69E068FC83}.Debug|Any CPU.ActiveCfg = Debug|Any CPU
		{77DC6F82-CF7A-43AF-AFCC-4D69E068FC83}.Debug|Any CPU.Build.0 = Debug|Any CPU
		{77DC6F82-CF7A-43AF-AFCC-4D69E068FC83}.Release|Any CPU.ActiveCfg = Release|Any CPU
		{77DC6F82-CF7A-43AF-AFCC-4D69E068FC83}.Release|Any CPU.Build.0 = Release|Any CPU
		{D4B043B4-0159-4E87-999E-0596E977B85E}.Debug|Any CPU.ActiveCfg = Debug|Any CPU
		{D4B043B4-0159-4E87-999E-0596E977B85E}.Debug|Any CPU.Build.0 = Debug|Any CPU
		{D4B043B4-0159-4E87-999E-0596E977B85E}.Release|Any CPU.ActiveCfg = Release|Any CPU
		{D4B043B4-0159-4E87-999E-0596E977B85E}.Release|Any CPU.Build.0 = Release|Any CPU
		{2E65A3DD-5B88-4134-B57C-10E7F2CF3D10}.Debug|Any CPU.ActiveCfg = Debug|Any CPU
		{2E65A3DD-5B88-4134-B57C-10E7F2CF3D10}.Debug|Any CPU.Build.0 = Debug|Any CPU
		{2E65A3DD-5B88-4134-B57C-10E7F2CF3D10}.Release|Any CPU.ActiveCfg = Release|Any CPU
		{2E65A3DD-5B88-4134-B57C-10E7F2CF3D10}.Release|Any CPU.Build.0 = Release|Any CPU
		{064C688E-B153-41FB-B6BB-EFD9CF39A3B9}.Debug|Any CPU.ActiveCfg = Debug|Any CPU
		{064C688E-B153-41FB-B6BB-EFD9CF39A3B9}.Debug|Any CPU.Build.0 = Debug|Any CPU
		{064C688E-B153-41FB-B6BB-EFD9CF39A3B9}.Release|Any CPU.ActiveCfg = Release|Any CPU
		{064C688E-B153-41FB-B6BB-EFD9CF39A3B9}.Release|Any CPU.Build.0 = Release|Any CPU
		{9CDA7E91-4BBF-4D00-9EE7-8FBA967E8707}.Debug|Any CPU.ActiveCfg = Debug|Any CPU
		{9CDA7E91-4BBF-4D00-9EE7-8FBA967E8707}.Debug|Any CPU.Build.0 = Debug|Any CPU
		{9CDA7E91-4BBF-4D00-9EE7-8FBA967E8707}.Release|Any CPU.ActiveCfg = Release|Any CPU
		{9CDA7E91-4BBF-4D00-9EE7-8FBA967E8707}.Release|Any CPU.Build.0 = Release|Any CPU
		{B88C6927-B294-426C-A160-CB018840F16A}.Debug|Any CPU.ActiveCfg = Debug|Any CPU
		{B88C6927-B294-426C-A160-CB018840F16A}.Debug|Any CPU.Build.0 = Debug|Any CPU
		{B88C6927-B294-426C-A160-CB018840F16A}.Release|Any CPU.ActiveCfg = Release|Any CPU
		{B88C6927-B294-426C-A160-CB018840F16A}.Release|Any CPU.Build.0 = Release|Any CPU
		{E2920FA0-C004-4D40-A013-9FABF1FFDDF3}.Debug|Any CPU.ActiveCfg = Debug|Any CPU
		{E2920FA0-C004-4D40-A013-9FABF1FFDDF3}.Debug|Any CPU.Build.0 = Debug|Any CPU
		{E2920FA0-C004-4D40-A013-9FABF1FFDDF3}.Release|Any CPU.ActiveCfg = Release|Any CPU
		{E2920FA0-C004-4D40-A013-9FABF1FFDDF3}.Release|Any CPU.Build.0 = Release|Any CPU
		{557053CB-7810-4A73-9F18-1F537839E810}.Debug|Any CPU.ActiveCfg = Debug|Any CPU
		{557053CB-7810-4A73-9F18-1F537839E810}.Debug|Any CPU.Build.0 = Debug|Any CPU
		{557053CB-7810-4A73-9F18-1F537839E810}.Release|Any CPU.ActiveCfg = Release|Any CPU
		{557053CB-7810-4A73-9F18-1F537839E810}.Release|Any CPU.Build.0 = Release|Any CPU
		{871BE191-A880-4D9C-B2F4-C55D35F481DE}.Debug|Any CPU.ActiveCfg = Debug|Any CPU
		{871BE191-A880-4D9C-B2F4-C55D35F481DE}.Debug|Any CPU.Build.0 = Debug|Any CPU
		{871BE191-A880-4D9C-B2F4-C55D35F481DE}.Release|Any CPU.ActiveCfg = Release|Any CPU
		{871BE191-A880-4D9C-B2F4-C55D35F481DE}.Release|Any CPU.Build.0 = Release|Any CPU
		{3D83A05D-DFBF-4073-82CD-4AA6A83AB0FA}.Debug|Any CPU.ActiveCfg = Debug|Any CPU
		{3D83A05D-DFBF-4073-82CD-4AA6A83AB0FA}.Debug|Any CPU.Build.0 = Debug|Any CPU
		{3D83A05D-DFBF-4073-82CD-4AA6A83AB0FA}.Release|Any CPU.ActiveCfg = Release|Any CPU
		{3D83A05D-DFBF-4073-82CD-4AA6A83AB0FA}.Release|Any CPU.Build.0 = Release|Any CPU
		{AA68E225-C410-4A62-9CF5-27607620C4FB}.Debug|Any CPU.ActiveCfg = Debug|Any CPU
		{AA68E225-C410-4A62-9CF5-27607620C4FB}.Debug|Any CPU.Build.0 = Debug|Any CPU
		{AA68E225-C410-4A62-9CF5-27607620C4FB}.Release|Any CPU.ActiveCfg = Release|Any CPU
		{AA68E225-C410-4A62-9CF5-27607620C4FB}.Release|Any CPU.Build.0 = Release|Any CPU
		{D9C397AE-99FB-405C-BEC7-14E0585A84F3}.Debug|Any CPU.ActiveCfg = Debug|Any CPU
		{D9C397AE-99FB-405C-BEC7-14E0585A84F3}.Debug|Any CPU.Build.0 = Debug|Any CPU
		{D9C397AE-99FB-405C-BEC7-14E0585A84F3}.Release|Any CPU.ActiveCfg = Release|Any CPU
		{D9C397AE-99FB-405C-BEC7-14E0585A84F3}.Release|Any CPU.Build.0 = Release|Any CPU
		{C9503430-000C-4DB2-BC6C-89ABDD26BD40}.Debug|Any CPU.ActiveCfg = Debug|Any CPU
		{C9503430-000C-4DB2-BC6C-89ABDD26BD40}.Debug|Any CPU.Build.0 = Debug|Any CPU
		{C9503430-000C-4DB2-BC6C-89ABDD26BD40}.Release|Any CPU.ActiveCfg = Release|Any CPU
		{C9503430-000C-4DB2-BC6C-89ABDD26BD40}.Release|Any CPU.Build.0 = Release|Any CPU
		{59234776-267F-41E7-A91F-6DE289DFC850}.Debug|Any CPU.ActiveCfg = Debug|Any CPU
		{59234776-267F-41E7-A91F-6DE289DFC850}.Debug|Any CPU.Build.0 = Debug|Any CPU
		{59234776-267F-41E7-A91F-6DE289DFC850}.Release|Any CPU.ActiveCfg = Release|Any CPU
		{59234776-267F-41E7-A91F-6DE289DFC850}.Release|Any CPU.Build.0 = Release|Any CPU
		{EC14A7AC-4615-4740-8064-8A375CBCA62E}.Debug|Any CPU.ActiveCfg = Debug|Any CPU
		{EC14A7AC-4615-4740-8064-8A375CBCA62E}.Debug|Any CPU.Build.0 = Debug|Any CPU
		{EC14A7AC-4615-4740-8064-8A375CBCA62E}.Release|Any CPU.ActiveCfg = Release|Any CPU
		{EC14A7AC-4615-4740-8064-8A375CBCA62E}.Release|Any CPU.Build.0 = Release|Any CPU
		{F697FEF9-FF08-4F8F-A08B-6FC1754DFBCC}.Debug|Any CPU.ActiveCfg = Debug|Any CPU
		{F697FEF9-FF08-4F8F-A08B-6FC1754DFBCC}.Debug|Any CPU.Build.0 = Debug|Any CPU
		{F697FEF9-FF08-4F8F-A08B-6FC1754DFBCC}.Release|Any CPU.ActiveCfg = Release|Any CPU
		{F697FEF9-FF08-4F8F-A08B-6FC1754DFBCC}.Release|Any CPU.Build.0 = Release|Any CPU
		{C054A58B-9FDB-4743-82E3-1215DC62457D}.Debug|Any CPU.ActiveCfg = Debug|Any CPU
		{C054A58B-9FDB-4743-82E3-1215DC62457D}.Debug|Any CPU.Build.0 = Debug|Any CPU
		{C054A58B-9FDB-4743-82E3-1215DC62457D}.Release|Any CPU.ActiveCfg = Release|Any CPU
		{C054A58B-9FDB-4743-82E3-1215DC62457D}.Release|Any CPU.Build.0 = Release|Any CPU
		{CDB48266-6207-435D-A2CB-F63A8196D9BB}.Debug|Any CPU.ActiveCfg = Debug|Any CPU
		{CDB48266-6207-435D-A2CB-F63A8196D9BB}.Debug|Any CPU.Build.0 = Debug|Any CPU
		{CDB48266-6207-435D-A2CB-F63A8196D9BB}.Release|Any CPU.ActiveCfg = Release|Any CPU
		{CDB48266-6207-435D-A2CB-F63A8196D9BB}.Release|Any CPU.Build.0 = Release|Any CPU
		{D20DDB1D-2ACE-442B-A310-B9272BE96424}.Debug|Any CPU.ActiveCfg = Debug|Any CPU
		{D20DDB1D-2ACE-442B-A310-B9272BE96424}.Debug|Any CPU.Build.0 = Debug|Any CPU
		{D20DDB1D-2ACE-442B-A310-B9272BE96424}.Release|Any CPU.ActiveCfg = Release|Any CPU
		{D20DDB1D-2ACE-442B-A310-B9272BE96424}.Release|Any CPU.Build.0 = Release|Any CPU
		{FBCC6335-8AD4-4C97-8917-8CE9CE94023D}.Debug|Any CPU.ActiveCfg = Debug|Any CPU
		{FBCC6335-8AD4-4C97-8917-8CE9CE94023D}.Debug|Any CPU.Build.0 = Debug|Any CPU
		{FBCC6335-8AD4-4C97-8917-8CE9CE94023D}.Release|Any CPU.ActiveCfg = Release|Any CPU
		{FBCC6335-8AD4-4C97-8917-8CE9CE94023D}.Release|Any CPU.Build.0 = Release|Any CPU
		{A479C03A-A98F-4619-B753-C3C5DD314886}.Debug|Any CPU.ActiveCfg = Debug|Any CPU
		{A479C03A-A98F-4619-B753-C3C5DD314886}.Debug|Any CPU.Build.0 = Debug|Any CPU
		{A479C03A-A98F-4619-B753-C3C5DD314886}.Release|Any CPU.ActiveCfg = Release|Any CPU
		{A479C03A-A98F-4619-B753-C3C5DD314886}.Release|Any CPU.Build.0 = Release|Any CPU
		{543BFC4F-572F-4D5C-9695-972CFE7210C0}.Debug|Any CPU.ActiveCfg = Debug|Any CPU
		{543BFC4F-572F-4D5C-9695-972CFE7210C0}.Debug|Any CPU.Build.0 = Debug|Any CPU
		{543BFC4F-572F-4D5C-9695-972CFE7210C0}.Release|Any CPU.ActiveCfg = Release|Any CPU
		{543BFC4F-572F-4D5C-9695-972CFE7210C0}.Release|Any CPU.Build.0 = Release|Any CPU
		{1B994C17-37A6-4630-A7D4-D7C0371E544F}.Debug|Any CPU.ActiveCfg = Debug|Any CPU
		{1B994C17-37A6-4630-A7D4-D7C0371E544F}.Debug|Any CPU.Build.0 = Debug|Any CPU
		{1B994C17-37A6-4630-A7D4-D7C0371E544F}.Release|Any CPU.ActiveCfg = Release|Any CPU
		{1B994C17-37A6-4630-A7D4-D7C0371E544F}.Release|Any CPU.Build.0 = Release|Any CPU
		{84F7A410-BB7B-4F81-8259-2C10F0FBDD12}.Debug|Any CPU.ActiveCfg = Debug|Any CPU
		{84F7A410-BB7B-4F81-8259-2C10F0FBDD12}.Debug|Any CPU.Build.0 = Debug|Any CPU
		{84F7A410-BB7B-4F81-8259-2C10F0FBDD12}.Release|Any CPU.ActiveCfg = Release|Any CPU
		{84F7A410-BB7B-4F81-8259-2C10F0FBDD12}.Release|Any CPU.Build.0 = Release|Any CPU
		{7CCC43B9-1080-402B-9B6C-2A5D6F690666}.Debug|Any CPU.ActiveCfg = Debug|Any CPU
		{7CCC43B9-1080-402B-9B6C-2A5D6F690666}.Debug|Any CPU.Build.0 = Debug|Any CPU
		{7CCC43B9-1080-402B-9B6C-2A5D6F690666}.Release|Any CPU.ActiveCfg = Release|Any CPU
		{7CCC43B9-1080-402B-9B6C-2A5D6F690666}.Release|Any CPU.Build.0 = Release|Any CPU
		{6A69F54A-687C-4FEE-B96E-0356CFF75B58}.Debug|Any CPU.ActiveCfg = Debug|Any CPU
		{6A69F54A-687C-4FEE-B96E-0356CFF75B58}.Debug|Any CPU.Build.0 = Debug|Any CPU
		{6A69F54A-687C-4FEE-B96E-0356CFF75B58}.Release|Any CPU.ActiveCfg = Release|Any CPU
		{6A69F54A-687C-4FEE-B96E-0356CFF75B58}.Release|Any CPU.Build.0 = Release|Any CPU
		{971DC51D-DE5D-4114-AF25-69AB19F1B17A}.Debug|Any CPU.ActiveCfg = Debug|Any CPU
		{971DC51D-DE5D-4114-AF25-69AB19F1B17A}.Debug|Any CPU.Build.0 = Debug|Any CPU
		{971DC51D-DE5D-4114-AF25-69AB19F1B17A}.Release|Any CPU.ActiveCfg = Release|Any CPU
		{971DC51D-DE5D-4114-AF25-69AB19F1B17A}.Release|Any CPU.Build.0 = Release|Any CPU
		{DA9067D5-B149-4A87-95B1-116A24F72527}.Debug|Any CPU.ActiveCfg = Debug|Any CPU
		{DA9067D5-B149-4A87-95B1-116A24F72527}.Debug|Any CPU.Build.0 = Debug|Any CPU
		{DA9067D5-B149-4A87-95B1-116A24F72527}.Release|Any CPU.ActiveCfg = Release|Any CPU
		{DA9067D5-B149-4A87-95B1-116A24F72527}.Release|Any CPU.Build.0 = Release|Any CPU
	EndGlobalSection
	GlobalSection(NestedProjects) = preSolution
		{B88C6927-B294-426C-A160-CB018840F16A} = {E438A6E1-7B94-4409-8C00-9F9F50C0D25F}
		{9CDA7E91-4BBF-4D00-9EE7-8FBA967E8707} = {E438A6E1-7B94-4409-8C00-9F9F50C0D25F}
		{77DC6F82-CF7A-43AF-AFCC-4D69E068FC83} = {F40D5CEB-1BA4-4AE7-8FF1-DD50F4F4A57D}
		{2E65A3DD-5B88-4134-B57C-10E7F2CF3D10} = {F40D5CEB-1BA4-4AE7-8FF1-DD50F4F4A57D}
		{064C688E-B153-41FB-B6BB-EFD9CF39A3B9} = {F40D5CEB-1BA4-4AE7-8FF1-DD50F4F4A57D}
		{D4B043B4-0159-4E87-999E-0596E977B85E} = {F40D5CEB-1BA4-4AE7-8FF1-DD50F4F4A57D}
		{E2920FA0-C004-4D40-A013-9FABF1FFDDF3} = {AF00F5D6-A989-4B0C-9980-B7EFEF7D7318}
		{557053CB-7810-4A73-9F18-1F537839E810} = {084E80AC-C0C6-40B8-919C-1683B32AF051}
		{871BE191-A880-4D9C-B2F4-C55D35F481DE} = {084E80AC-C0C6-40B8-919C-1683B32AF051}
		{3D83A05D-DFBF-4073-82CD-4AA6A83AB0FA} = {AF00F5D6-A989-4B0C-9980-B7EFEF7D7318}
		{AA68E225-C410-4A62-9CF5-27607620C4FB} = {AF00F5D6-A989-4B0C-9980-B7EFEF7D7318}
		{D9C397AE-99FB-405C-BEC7-14E0585A84F3} = {AF00F5D6-A989-4B0C-9980-B7EFEF7D7318}
		{C9503430-000C-4DB2-BC6C-89ABDD26BD40} = {B5F50C21-F443-4853-837C-6EDAE4810243}
		{59234776-267F-41E7-A91F-6DE289DFC850} = {B5F50C21-F443-4853-837C-6EDAE4810243}
		{EC14A7AC-4615-4740-8064-8A375CBCA62E} = {B99C39C4-DB82-4F11-95AA-94737D4DF4A3}
		{F697FEF9-FF08-4F8F-A08B-6FC1754DFBCC} = {B99C39C4-DB82-4F11-95AA-94737D4DF4A3}
		{C054A58B-9FDB-4743-82E3-1215DC62457D} = {B99C39C4-DB82-4F11-95AA-94737D4DF4A3}
		{CDB48266-6207-435D-A2CB-F63A8196D9BB} = {B99C39C4-DB82-4F11-95AA-94737D4DF4A3}
		{D20DDB1D-2ACE-442B-A310-B9272BE96424} = {2A4E332C-1AF0-4A9F-A7B3-20A33C23D446}
		{FBCC6335-8AD4-4C97-8917-8CE9CE94023D} = {2A4E332C-1AF0-4A9F-A7B3-20A33C23D446}
		{A479C03A-A98F-4619-B753-C3C5DD314886} = {2A4E332C-1AF0-4A9F-A7B3-20A33C23D446}
		{543BFC4F-572F-4D5C-9695-972CFE7210C0} = {2A4E332C-1AF0-4A9F-A7B3-20A33C23D446}
		{1B994C17-37A6-4630-A7D4-D7C0371E544F} = {084E80AC-C0C6-40B8-919C-1683B32AF051}
		{84F7A410-BB7B-4F81-8259-2C10F0FBDD12} = {084E80AC-C0C6-40B8-919C-1683B32AF051}
		{7CCC43B9-1080-402B-9B6C-2A5D6F690666} = {2A4E332C-1AF0-4A9F-A7B3-20A33C23D446}
		{6A69F54A-687C-4FEE-B96E-0356CFF75B58} = {AF00F5D6-A989-4B0C-9980-B7EFEF7D7318}
		{971DC51D-DE5D-4114-AF25-69AB19F1B17A} = {B99C39C4-DB82-4F11-95AA-94737D4DF4A3}
		{DA9067D5-B149-4A87-95B1-116A24F72527} = {F40D5CEB-1BA4-4AE7-8FF1-DD50F4F4A57D}
	EndGlobalSection
EndGlobal
